
Microsoft Visual Studio Solution File, Format Version 12.00
# Visual Studio Version 16
VisualStudioVersion = 16.0.29306.81
MinimumVisualStudioVersion = 10.0.40219.1
Project("{FAE04EC0-301F-11D3-BF4B-00C04F79EFBC}") = "GrowCastleBot", "GrowCastleBot.csproj", "{5C63908B-0EF7-47C8-A08E-FD950D569DCF}"
EndProject
Global
	GlobalSection(SolutionConfigurationPlatforms) = preSolution
		Debug|Any CPU = Debug|Any CPU
		Release|Any CPU = Release|Any CPU
	EndGlobalSection
	GlobalSection(ProjectConfigurationPlatforms) = postSolution
		{5C63908B-0EF7-47C8-A08E-FD950D569DCF}.Debug|Any CPU.ActiveCfg = Debug|Any CPU
		{5C63908B-0EF7-47C8-A08E-FD950D569DCF}.Debug|Any CPU.Build.0 = Debug|Any CPU
		{5C63908B-0EF7-47C8-A08E-FD950D569DCF}.Release|Any CPU.ActiveCfg = Release|Any CPU
		{5C63908B-0EF7-47C8-A08E-FD950D569DCF}.Release|Any CPU.Build.0 = Release|Any CPU
	EndGlobalSection
	GlobalSection(SolutionProperties) = preSolution
		HideSolutionNode = FALSE
	EndGlobalSection
	GlobalSection(ExtensibilityGlobals) = postSolution
		SolutionGuid = {F33F8477-A9C1-4B02-97C7-154E45319C3C}
	EndGlobalSection
EndGlobal
